
Microsoft Visual Studio Solution File, Format Version 12.00
Project("{FAE04EC0-301F-11D3-BF4B-00C04F79EFBC}") = "APi-CICD", "APi-CICD\APi-CICD.csproj", "{D5F961D8-65F2-42A7-A057-633D01D0E0BD}"
EndProject
Project("{FAE04EC0-301F-11D3-BF4B-00C04F79EFBC}") = "TestProject1", "TestProject1\TestProject1.csproj", "{E57654C2-74E7-4B39-87AB-6A0E86976984}"
EndProject
Global
	GlobalSection(SolutionConfigurationPlatforms) = preSolution
		Debug|Any CPU = Debug|Any CPU
		Release|Any CPU = Release|Any CPU
	EndGlobalSection
	GlobalSection(ProjectConfigurationPlatforms) = postSolution
		{D5F961D8-65F2-42A7-A057-633D01D0E0BD}.Debug|Any CPU.ActiveCfg = Debug|Any CPU
		{D5F961D8-65F2-42A7-A057-633D01D0E0BD}.Debug|Any CPU.Build.0 = Debug|Any CPU
		{D5F961D8-65F2-42A7-A057-633D01D0E0BD}.Release|Any CPU.ActiveCfg = Release|Any CPU
		{D5F961D8-65F2-42A7-A057-633D01D0E0BD}.Release|Any CPU.Build.0 = Release|Any CPU
		{E57654C2-74E7-4B39-87AB-6A0E86976984}.Debug|Any CPU.ActiveCfg = Debug|Any CPU
		{E57654C2-74E7-4B39-87AB-6A0E86976984}.Debug|Any CPU.Build.0 = Debug|Any CPU
		{E57654C2-74E7-4B39-87AB-6A0E86976984}.Release|Any CPU.ActiveCfg = Release|Any CPU
		{E57654C2-74E7-4B39-87AB-6A0E86976984}.Release|Any CPU.Build.0 = Release|Any CPU
	EndGlobalSection
EndGlobal
